
Microsoft Visual Studio Solution File, Format Version 12.00
# Visual Studio 15
VisualStudioVersion = 15.0.28307.572
MinimumVisualStudioVersion = 10.0.40219.1
Project("{FAE04EC0-301F-11D3-BF4B-00C04F79EFBC}") = "Komunikator3.0", "Komunikator3.0\Komunikator3.0.csproj", "{10159B24-7D83-4001-BE73-8659CE621924}"
EndProject
Global
	GlobalSection(SolutionConfigurationPlatforms) = preSolution
		Debug|Any CPU = Debug|Any CPU
		Release|Any CPU = Release|Any CPU
	EndGlobalSection
	GlobalSection(ProjectConfigurationPlatforms) = postSolution
		{10159B24-7D83-4001-BE73-8659CE621924}.Debug|Any CPU.ActiveCfg = Debug|Any CPU
		{10159B24-7D83-4001-BE73-8659CE621924}.Debug|Any CPU.Build.0 = Debug|Any CPU
		{10159B24-7D83-4001-BE73-8659CE621924}.Release|Any CPU.ActiveCfg = Release|Any CPU
		{10159B24-7D83-4001-BE73-8659CE621924}.Release|Any CPU.Build.0 = Release|Any CPU
	EndGlobalSection
	GlobalSection(SolutionProperties) = preSolution
		HideSolutionNode = FALSE
	EndGlobalSection
	GlobalSection(ExtensibilityGlobals) = postSolution
		SolutionGuid = {C94E58EF-2EEC-4731-AD5E-DDC66667777B}
	EndGlobalSection
EndGlobal
